// !$*UTF8*$!
{
	archiveVersion = 1;
	classes = {
	};
	objectVersion = 50;
	objects = {

/* Begin PBXBuildFile section */
		EFE367B824C7263E00FCF8FA /* AppDelegate.swift in Sources */ = {isa = PBXBuildFile; fileRef = EFE367B724C7263E00FCF8FA /* AppDelegate.swift */; };
		EFE367BA24C7263E00FCF8FA /* SceneDelegate.swift in Sources */ = {isa = PBXBuildFile; fileRef = EFE367B924C7263E00FCF8FA /* SceneDelegate.swift */; };
		EFE367BE24C7264200FCF8FA /* Assets.xcassets in Resources */ = {isa = PBXBuildFile; fileRef = EFE367BD24C7264200FCF8FA /* Assets.xcassets */; };
		EFE367C124C7264200FCF8FA /* Preview Assets.xcassets in Resources */ = {isa = PBXBuildFile; fileRef = EFE367C024C7264200FCF8FA /* Preview Assets.xcassets */; };
		EFE367C424C7264200FCF8FA /* LaunchScreen.storyboard in Resources */ = {isa = PBXBuildFile; fileRef = EFE367C224C7264200FCF8FA /* LaunchScreen.storyboard */; };
		EFE367D024C726FF00FCF8FA /* Colors.xcassets in Resources */ = {isa = PBXBuildFile; fileRef = EFE367CF24C726FF00FCF8FA /* Colors.xcassets */; };
/* End PBXBuildFile section */

/* Begin PBXFileReference section */
		EFE367B424C7263E00FCF8FA /* jsonplaceholder-exam.app */ = {isa = PBXFileReference; explicitFileType = wrapper.application; includeInIndex = 0; path = "jsonplaceholder-exam.app"; sourceTree = BUILT_PRODUCTS_DIR; };
		EFE367B724C7263E00FCF8FA /* AppDelegate.swift */ = {isa = PBXFileReference; lastKnownFileType = sourcecode.swift; path = AppDelegate.swift; sourceTree = "<group>"; };
		EFE367B924C7263E00FCF8FA /* SceneDelegate.swift */ = {isa = PBXFileReference; lastKnownFileType = sourcecode.swift; path = SceneDelegate.swift; sourceTree = "<group>"; };
		EFE367BD24C7264200FCF8FA /* Assets.xcassets */ = {isa = PBXFileReference; lastKnownFileType = folder.assetcatalog; path = Assets.xcassets; sourceTree = "<group>"; };
		EFE367C024C7264200FCF8FA /* Preview Assets.xcassets */ = {isa = PBXFileReference; lastKnownFileType = folder.assetcatalog; path = "Preview Assets.xcassets"; sourceTree = "<group>"; };
		EFE367C324C7264200FCF8FA /* Base */ = {isa = PBXFileReference; lastKnownFileType = file.storyboard; name = Base; path = Base.lproj/LaunchScreen.storyboard; sourceTree = "<group>"; };
		EFE367C524C7264200FCF8FA /* Info.plist */ = {isa = PBXFileReference; lastKnownFileType = text.plist.xml; path = Info.plist; sourceTree = "<group>"; };
		EFE367CF24C726FF00FCF8FA /* Colors.xcassets */ = {isa = PBXFileReference; lastKnownFileType = folder.assetcatalog; path = Colors.xcassets; sourceTree = "<group>"; };
/* End PBXFileReference section */

/* Begin PBXFrameworksBuildPhase section */
		EFE367B124C7263E00FCF8FA /* Frameworks */ = {
			isa = PBXFrameworksBuildPhase;
			buildActionMask = 2147483647;
			files = (
			);
			runOnlyForDeploymentPostprocessing = 0;
		};
/* End PBXFrameworksBuildPhase section */

/* Begin PBXGroup section */
		EFE367AB24C7263D00FCF8FA = {
			isa = PBXGroup;
			children = (
				EFE367B624C7263E00FCF8FA /* jsonplaceholder-exam */,
				EFE367B524C7263E00FCF8FA /* Products */,
			);
			sourceTree = "<group>";
		};
		EFE367B524C7263E00FCF8FA /* Products */ = {
			isa = PBXGroup;
			children = (
				EFE367B424C7263E00FCF8FA /* jsonplaceholder-exam.app */,
			);
			name = Products;
			sourceTree = "<group>";
		};
		EFE367B624C7263E00FCF8FA /* jsonplaceholder-exam */ = {
			isa = PBXGroup;
			children = (
				EFE367CC24C726B600FCF8FA /* App */,
				EFE367D124C7271200FCF8FA /* Network */,
				EFE367CB24C726AD00FCF8FA /* Modules */,
				EFE367C524C7264200FCF8FA /* Info.plist */,
				EFE367BF24C7264200FCF8FA /* Preview Content */,
			);
			path = "jsonplaceholder-exam";
			sourceTree = "<group>";
		};
		EFE367BF24C7264200FCF8FA /* Preview Content */ = {
			isa = PBXGroup;
			children = (
				EFE367C024C7264200FCF8FA /* Preview Assets.xcassets */,
			);
			path = "Preview Content";
			sourceTree = "<group>";
		};
		EFE367CB24C726AD00FCF8FA /* Modules */ = {
			isa = PBXGroup;
			children = (
				EFE367CD24C726D500FCF8FA /* Post */,
			);
			path = Modules;
			sourceTree = "<group>";
		};
		EFE367CC24C726B600FCF8FA /* App */ = {
			isa = PBXGroup;
			children = (
				EFE367B724C7263E00FCF8FA /* AppDelegate.swift */,
				EFE367B924C7263E00FCF8FA /* SceneDelegate.swift */,
				EFE367C224C7264200FCF8FA /* LaunchScreen.storyboard */,
				EFE367BD24C7264200FCF8FA /* Assets.xcassets */,
				EFE367CF24C726FF00FCF8FA /* Colors.xcassets */,
			);
			path = App;
			sourceTree = "<group>";
		};
		EFE367CD24C726D500FCF8FA /* Post */ = {
			isa = PBXGroup;
			children = (
			);
			path = Post;
			sourceTree = "<group>";
		};
		EFE367D124C7271200FCF8FA /* Network */ = {
			isa = PBXGroup;
			children = (
			);
			path = Network;
			sourceTree = "<group>";
		};
/* End PBXGroup section */

/* Begin PBXNativeTarget section */
		EFE367B324C7263E00FCF8FA /* jsonplaceholder-exam */ = {
			isa = PBXNativeTarget;
			buildConfigurationList = EFE367C824C7264200FCF8FA /* Build configuration list for PBXNativeTarget "jsonplaceholder-exam" */;
			buildPhases = (
				EFE367B024C7263E00FCF8FA /* Sources */,
				EFE367B124C7263E00FCF8FA /* Frameworks */,
				EFE367B224C7263E00FCF8FA /* Resources */,
			);
			buildRules = (
			);
			dependencies = (
			);
			name = "jsonplaceholder-exam";
			productName = "jsonplaceholder-exam";
			productReference = EFE367B424C7263E00FCF8FA /* jsonplaceholder-exam.app */;
			productType = "com.apple.product-type.application";
		};
/* End PBXNativeTarget section */

/* Begin PBXProject section */
		EFE367AC24C7263D00FCF8FA /* Project object */ = {
			isa = PBXProject;
			attributes = {
				LastSwiftUpdateCheck = 1150;
				LastUpgradeCheck = 1150;
				ORGANIZATIONNAME = "Mustafa GUNES";
				TargetAttributes = {
					EFE367B324C7263E00FCF8FA = {
						CreatedOnToolsVersion = 11.5;
					};
				};
			};
			buildConfigurationList = EFE367AF24C7263D00FCF8FA /* Build configuration list for PBXProject "jsonplaceholder-exam" */;
			compatibilityVersion = "Xcode 9.3";
			developmentRegion = en;
			hasScannedForEncodings = 0;
			knownRegions = (
				en,
				Base,
			);
			mainGroup = EFE367AB24C7263D00FCF8FA;
			productRefGroup = EFE367B524C7263E00FCF8FA /* Products */;
			projectDirPath = "";
			projectRoot = "";
			targets = (
				EFE367B324C7263E00FCF8FA /* jsonplaceholder-exam */,
			);
		};
/* End PBXProject section */

/* Begin PBXResourcesBuildPhase section */
		EFE367B224C7263E00FCF8FA /* Resources */ = {
			isa = PBXResourcesBuildPhase;
			buildActionMask = 2147483647;
			files = (
				EFE367C424C7264200FCF8FA /* LaunchScreen.storyboard in Resources */,
				EFE367D024C726FF00FCF8FA /* Colors.xcassets in Resources */,
				EFE367C124C7264200FCF8FA /* Preview Assets.xcassets in Resources */,
				EFE367BE24C7264200FCF8FA /* Assets.xcassets in Resources */,
			);
			runOnlyForDeploymentPostprocessing = 0;
		};
/* End PBXResourcesBuildPhase section */

/* Begin PBXSourcesBuildPhase section */
		EFE367B024C7263E00FCF8FA /* Sources */ = {
			isa = PBXSourcesBuildPhase;
			buildActionMask = 2147483647;
			files = (
				EFE367B824C7263E00FCF8FA /* AppDelegate.swift in Sources */,
				EFE367BA24C7263E00FCF8FA /* SceneDelegate.swift in Sources */,
			);
			runOnlyForDeploymentPostprocessing = 0;
		};
/* End PBXSourcesBuildPhase section */

/* Begin PBXVariantGroup section */
		EFE367C224C7264200FCF8FA /* LaunchScreen.storyboard */ = {
			isa = PBXVariantGroup;
			children = (
				EFE367C324C7264200FCF8FA /* Base */,
			);
			name = LaunchScreen.storyboard;
			sourceTree = "<group>";
		};
/* End PBXVariantGroup section */

/* Begin XCBuildConfiguration section */
		EFE367C624C7264200FCF8FA /* Debug */ = {
			isa = XCBuildConfiguration;
			buildSettings = {
				ALWAYS_SEARCH_USER_PATHS = NO;
				CLANG_ANALYZER_NONNULL = YES;
				CLANG_ANALYZER_NUMBER_OBJECT_CONVERSION = YES_AGGRESSIVE;
				CLANG_CXX_LANGUAGE_STANDARD = "gnu++14";
				CLANG_CXX_LIBRARY = "libc++";
				CLANG_ENABLE_MODULES = YES;
				CLANG_ENABLE_OBJC_ARC = YES;
				CLANG_ENABLE_OBJC_WEAK = YES;
				CLANG_WARN_BLOCK_CAPTURE_AUTORELEASING = YES;
				CLANG_WARN_BOOL_CONVERSION = YES;
				CLANG_WARN_COMMA = YES;
				CLANG_WARN_CONSTANT_CONVERSION = YES;
				CLANG_WARN_DEPRECATED_OBJC_IMPLEMENTATIONS = YES;
				CLANG_WARN_DIRECT_OBJC_ISA_USAGE = YES_ERROR;
				CLANG_WARN_DOCUMENTATION_COMMENTS = YES;
				CLANG_WARN_EMPTY_BODY = YES;
				CLANG_WARN_ENUM_CONVERSION = YES;
				CLANG_WARN_INFINITE_RECURSION = YES;
				CLANG_WARN_INT_CONVERSION = YES;
				CLANG_WARN_NON_LITERAL_NULL_CONVERSION = YES;
				CLANG_WARN_OBJC_IMPLICIT_RETAIN_SELF = YES;
				CLANG_WARN_OBJC_LITERAL_CONVERSION = YES;
				CLANG_WARN_OBJC_ROOT_CLASS = YES_ERROR;
				CLANG_WARN_RANGE_LOOP_ANALYSIS = YES;
				CLANG_WARN_STRICT_PROTOTYPES = YES;
				CLANG_WARN_SUSPICIOUS_MOVE = YES;
				CLANG_WARN_UNGUARDED_AVAILABILITY = YES_AGGRESSIVE;
				CLANG_WARN_UNREACHABLE_CODE = YES;
				CLANG_WARN__DUPLICATE_METHOD_MATCH = YES;
				COPY_PHASE_STRIP = NO;
				DEBUG_INFORMATION_FORMAT = dwarf;
				ENABLE_STRICT_OBJC_MSGSEND = YES;
				ENABLE_TESTABILITY = YES;
				GCC_C_LANGUAGE_STANDARD = gnu11;
				GCC_DYNAMIC_NO_PIC = NO;
				GCC_NO_COMMON_BLOCKS = YES;
				GCC_OPTIMIZATION_LEVEL = 0;
				GCC_PREPROCESSOR_DEFINITIONS = (
					"DEBUG=1",
					"$(inherited)",
				);
				GCC_WARN_64_TO_32_BIT_CONVERSION = YES;
				GCC_WARN_ABOUT_RETURN_TYPE = YES_ERROR;
				GCC_WARN_UNDECLARED_SELECTOR = YES;
				GCC_WARN_UNINITIALIZED_AUTOS = YES_AGGRESSIVE;
				GCC_WARN_UNUSED_FUNCTION = YES;
				GCC_WARN_UNUSED_VARIABLE = YES;
				IPHONEOS_DEPLOYMENT_TARGET = 13.5;
				MTL_ENABLE_DEBUG_INFO = INCLUDE_SOURCE;
				MTL_FAST_MATH = YES;
				ONLY_ACTIVE_ARCH = YES;
				SDKROOT = iphoneos;
				SWIFT_ACTIVE_COMPILATION_CONDITIONS = DEBUG;
				SWIFT_OPTIMIZATION_LEVEL = "-Onone";
			};
			name = Debug;
		};
		EFE367C724C7264200FCF8FA /* Release */ = {
			isa = XCBuildConfiguration;
			buildSettings = {
				ALWAYS_SEARCH_USER_PATHS = NO;
				CLANG_ANALYZER_NONNULL = YES;
				CLANG_ANALYZER_NUMBER_OBJECT_CONVERSION = YES_AGGRESSIVE;
				CLANG_CXX_LANGUAGE_STANDARD = "gnu++14";
				CLANG_CXX_LIBRARY = "libc++";
				CLANG_ENABLE_MODULES = YES;
				CLANG_ENABLE_OBJC_ARC = YES;
				CLANG_ENABLE_OBJC_WEAK = YES;
				CLANG_WARN_BLOCK_CAPTURE_AUTORELEASING = YES;
				CLANG_WARN_BOOL_CONVERSION = YES;
				CLANG_WARN_COMMA = YES;
				CLANG_WARN_CONSTANT_CONVERSION = YES;
				CLANG_WARN_DEPRECATED_OBJC_IMPLEMENTATIONS = YES;
				CLANG_WARN_DIRECT_OBJC_ISA_USAGE = YES_ERROR;
				CLANG_WARN_DOCUMENTATION_COMMENTS = YES;
				CLANG_WARN_EMPTY_BODY = YES;
				CLANG_WARN_ENUM_CONVERSION = YES;
				CLANG_WARN_INFINITE_RECURSION = YES;
				CLANG_WARN_INT_CONVERSION = YES;
				CLANG_WARN_NON_LITERAL_NULL_CONVERSION = YES;
				CLANG_WARN_OBJC_IMPLICIT_RETAIN_SELF = YES;
				CLANG_WARN_OBJC_LITERAL_CONVERSION = YES;
				CLANG_WARN_OBJC_ROOT_CLASS = YES_ERROR;
				CLANG_WARN_RANGE_LOOP_ANALYSIS = YES;
				CLANG_WARN_STRICT_PROTOTYPES = YES;
				CLANG_WARN_SUSPICIOUS_MOVE = YES;
				CLANG_WARN_UNGUARDED_AVAILABILITY = YES_AGGRESSIVE;
				CLANG_WARN_UNREACHABLE_CODE = YES;
				CLANG_WARN__DUPLICATE_METHOD_MATCH = YES;
				COPY_PHASE_STRIP = NO;
				DEBUG_INFORMATION_FORMAT = "dwarf-with-dsym";
				ENABLE_NS_ASSERTIONS = NO;
				ENABLE_STRICT_OBJC_MSGSEND = YES;
				GCC_C_LANGUAGE_STANDARD = gnu11;
				GCC_NO_COMMON_BLOCKS = YES;
				GCC_WARN_64_TO_32_BIT_CONVERSION = YES;
				GCC_WARN_ABOUT_RETURN_TYPE = YES_ERROR;
				GCC_WARN_UNDECLARED_SELECTOR = YES;
				GCC_WARN_UNINITIALIZED_AUTOS = YES_AGGRESSIVE;
				GCC_WARN_UNUSED_FUNCTION = YES;
				GCC_WARN_UNUSED_VARIABLE = YES;
				IPHONEOS_DEPLOYMENT_TARGET = 13.5;
				MTL_ENABLE_DEBUG_INFO = NO;
				MTL_FAST_MATH = YES;
				SDKROOT = iphoneos;
				SWIFT_COMPILATION_MODE = wholemodule;
				SWIFT_OPTIMIZATION_LEVEL = "-O";
				VALIDATE_PRODUCT = YES;
			};
			name = Release;
		};
		EFE367C924C7264200FCF8FA /* Debug */ = {
			isa = XCBuildConfiguration;
			buildSettings = {
				ASSETCATALOG_COMPILER_APPICON_NAME = AppIcon;
				CODE_SIGN_STYLE = Automatic;
				DEVELOPMENT_ASSET_PATHS = "\"jsonplaceholder-exam/Preview Content\"";
				DEVELOPMENT_TEAM = XQWTN95TAS;
				ENABLE_PREVIEWS = YES;
				INFOPLIST_FILE = "jsonplaceholder-exam/Info.plist";
				IPHONEOS_DEPLOYMENT_TARGET = 13.2;
				LD_RUNPATH_SEARCH_PATHS = (
					"$(inherited)",
					"@executable_path/Frameworks",
				);
				PRODUCT_BUNDLE_IDENTIFIER = "com.mustafagunes.jsonplaceholder-exam";
				PRODUCT_NAME = "$(TARGET_NAME)";
				SWIFT_VERSION = 5.0;
				TARGETED_DEVICE_FAMILY = "1,2";
			};
			name = Debug;
		};
		EFE367CA24C7264200FCF8FA /* Release */ = {
			isa = XCBuildConfiguration;
			buildSettings = {
				ASSETCATALOG_COMPILER_APPICON_NAME = AppIcon;
				CODE_SIGN_STYLE = Automatic;
				DEVELOPMENT_ASSET_PATHS = "\"jsonplaceholder-exam/Preview Content\"";
				DEVELOPMENT_TEAM = XQWTN95TAS;
				ENABLE_PREVIEWS = YES;
				INFOPLIST_FILE = "jsonplaceholder-exam/Info.plist";
				IPHONEOS_DEPLOYMENT_TARGET = 13.2;
				LD_RUNPATH_SEARCH_PATHS = (
					"$(inherited)",
					"@executable_path/Frameworks",
				);
				PRODUCT_BUNDLE_IDENTIFIER = "com.mustafagunes.jsonplaceholder-exam";
				PRODUCT_NAME = "$(TARGET_NAME)";
				SWIFT_VERSION = 5.0;
				TARGETED_DEVICE_FAMILY = "1,2";
			};
			name = Release;
		};
/* End XCBuildConfiguration section */

/* Begin XCConfigurationList section */
		EFE367AF24C7263D00FCF8FA /* Build configuration list for PBXProject "jsonplaceholder-exam" */ = {
			isa = XCConfigurationList;
			buildConfigurations = (
				EFE367C624C7264200FCF8FA /* Debug */,
				EFE367C724C7264200FCF8FA /* Release */,
			);
			defaultConfigurationIsVisible = 0;
			defaultConfigurationName = Release;
		};
		EFE367C824C7264200FCF8FA /* Build configuration list for PBXNativeTarget "jsonplaceholder-exam" */ = {
			isa = XCConfigurationList;
			buildConfigurations = (
				EFE367C924C7264200FCF8FA /* Debug */,
				EFE367CA24C7264200FCF8FA /* Release */,
			);
			defaultConfigurationIsVisible = 0;
			defaultConfigurationName = Release;
		};
/* End XCConfigurationList section */
	};
	rootObject = EFE367AC24C7263D00FCF8FA /* Project object */;
}
